
Microsoft Visual Studio Solution File, Format Version 12.00
# Visual Studio Version 16
VisualStudioVersion = 16.0.32901.82
MinimumVisualStudioVersion = 10.0.40219.1
Project("{FAE04EC0-301F-11D3-BF4B-00C04F79EFBC}") = "Credit_Card_Fraud_Detection_Project", "Credit_Card_Fraud_Detection_Project\Credit_Card_Fraud_Detection_Project.csproj", "{15D333C8-57D3-4D6F-BBF7-E4CE8A22710C}"
EndProject
Global
	GlobalSection(SolutionConfigurationPlatforms) = preSolution
		Debug|Any CPU = Debug|Any CPU
		Release|Any CPU = Release|Any CPU
	EndGlobalSection
	GlobalSection(ProjectConfigurationPlatforms) = postSolution
		{15D333C8-57D3-4D6F-BBF7-E4CE8A22710C}.Debug|Any CPU.ActiveCfg = Debug|Any CPU
		{15D333C8-57D3-4D6F-BBF7-E4CE8A22710C}.Debug|Any CPU.Build.0 = Debug|Any CPU
		{15D333C8-57D3-4D6F-BBF7-E4CE8A22710C}.Release|Any CPU.ActiveCfg = Release|Any CPU
		{15D333C8-57D3-4D6F-BBF7-E4CE8A22710C}.Release|Any CPU.Build.0 = Release|Any CPU
	EndGlobalSection
	GlobalSection(SolutionProperties) = preSolution
		HideSolutionNode = FALSE
	EndGlobalSection
	GlobalSection(ExtensibilityGlobals) = postSolution
		SolutionGuid = {F9177ACE-C357-41D7-9FCC-A52E12D98FB6}
	EndGlobalSection
EndGlobal
